
Microsoft Visual Studio Solution File, Format Version 12.00
# Visual Studio Version 17
VisualStudioVersion = 17.2.32630.192
MinimumVisualStudioVersion = 10.0.40219.1
Project("{9A19103F-16F7-4668-BE54-9A1E7A4F7556}") = "PharmacyWebApp", "PharmacyWebApp\PharmacyWebApp.csproj", "{2FD81194-212B-4E71-91C9-3DDCA8F3ADFB}"
EndProject
Project("{9A19103F-16F7-4668-BE54-9A1E7A4F7556}") = "PharmacyWebApp.DataAccess", "PharmacyWebApp.DataAccess\PharmacyWebApp.DataAccess.csproj", "{B09CD402-3C63-44F5-9BE2-787E1FB657CA}"
EndProject
Project("{9A19103F-16F7-4668-BE54-9A1E7A4F7556}") = "PharmacyWebApp.Models", "PharmacyWebApp.Models\PharmacyWebApp.Models.csproj", "{6EE24DE3-E920-4DDF-B2DE-9A0B5BF3B13A}"
EndProject
Project("{FAE04EC0-301F-11D3-BF4B-00C04F79EFBC}") = "PharmacyWebApp.Utility", "PharmacyWebApp.Utility\PharmacyWebApp.Utility.csproj", "{90952E8B-0685-47A3-A79A-C923568FA8B2}"
EndProject
Global
	GlobalSection(SolutionConfigurationPlatforms) = preSolution
		Debug|Any CPU = Debug|Any CPU
		Release|Any CPU = Release|Any CPU
	EndGlobalSection
	GlobalSection(ProjectConfigurationPlatforms) = postSolution
		{2FD81194-212B-4E71-91C9-3DDCA8F3ADFB}.Debug|Any CPU.ActiveCfg = Debug|Any CPU
		{2FD81194-212B-4E71-91C9-3DDCA8F3ADFB}.Debug|Any CPU.Build.0 = Debug|Any CPU
		{2FD81194-212B-4E71-91C9-3DDCA8F3ADFB}.Release|Any CPU.ActiveCfg = Release|Any CPU
		{2FD81194-212B-4E71-91C9-3DDCA8F3ADFB}.Release|Any CPU.Build.0 = Release|Any CPU
		{B09CD402-3C63-44F5-9BE2-787E1FB657CA}.Debug|Any CPU.ActiveCfg = Debug|Any CPU
		{B09CD402-3C63-44F5-9BE2-787E1FB657CA}.Debug|Any CPU.Build.0 = Debug|Any CPU
		{B09CD402-3C63-44F5-9BE2-787E1FB657CA}.Release|Any CPU.ActiveCfg = Release|Any CPU
		{B09CD402-3C63-44F5-9BE2-787E1FB657CA}.Release|Any CPU.Build.0 = Release|Any CPU
		{6EE24DE3-E920-4DDF-B2DE-9A0B5BF3B13A}.Debug|Any CPU.ActiveCfg = Debug|Any CPU
		{6EE24DE3-E920-4DDF-B2DE-9A0B5BF3B13A}.Debug|Any CPU.Build.0 = Debug|Any CPU
		{6EE24DE3-E920-4DDF-B2DE-9A0B5BF3B13A}.Release|Any CPU.ActiveCfg = Release|Any CPU
		{6EE24DE3-E920-4DDF-B2DE-9A0B5BF3B13A}.Release|Any CPU.Build.0 = Release|Any CPU
		{90952E8B-0685-47A3-A79A-C923568FA8B2}.Debug|Any CPU.ActiveCfg = Debug|Any CPU
		{90952E8B-0685-47A3-A79A-C923568FA8B2}.Debug|Any CPU.Build.0 = Debug|Any CPU
		{90952E8B-0685-47A3-A79A-C923568FA8B2}.Release|Any CPU.ActiveCfg = Release|Any CPU
		{90952E8B-0685-47A3-A79A-C923568FA8B2}.Release|Any CPU.Build.0 = Release|Any CPU
	EndGlobalSection
	GlobalSection(SolutionProperties) = preSolution
		HideSolutionNode = FALSE
	EndGlobalSection
	GlobalSection(ExtensibilityGlobals) = postSolution
		SolutionGuid = {D1CCEF34-A6AA-46F0-A379-D4F8F4E96110}
	EndGlobalSection
EndGlobal
