
Microsoft Visual Studio Solution File, Format Version 12.00
# Visual Studio Version 17
VisualStudioVersion = 17.2.32630.192
MinimumVisualStudioVersion = 10.0.40219.1
Project("{FAE04EC0-301F-11D3-BF4B-00C04F79EFBC}") = "PharmacyWebApp", "PharmacyWebApp\PharmacyWebApp.csproj", "{2FD81194-212B-4E71-91C9-3DDCA8F3ADFB}"
EndProject
Global
	GlobalSection(SolutionConfigurationPlatforms) = preSolution
		Debug|Any CPU = Debug|Any CPU
		Release|Any CPU = Release|Any CPU
	EndGlobalSection
	GlobalSection(ProjectConfigurationPlatforms) = postSolution
		{2FD81194-212B-4E71-91C9-3DDCA8F3ADFB}.Debug|Any CPU.ActiveCfg = Debug|Any CPU
		{2FD81194-212B-4E71-91C9-3DDCA8F3ADFB}.Debug|Any CPU.Build.0 = Debug|Any CPU
		{2FD81194-212B-4E71-91C9-3DDCA8F3ADFB}.Release|Any CPU.ActiveCfg = Release|Any CPU
		{2FD81194-212B-4E71-91C9-3DDCA8F3ADFB}.Release|Any CPU.Build.0 = Release|Any CPU
	EndGlobalSection
	GlobalSection(SolutionProperties) = preSolution
		HideSolutionNode = FALSE
	EndGlobalSection
	GlobalSection(ExtensibilityGlobals) = postSolution
		SolutionGuid = {D1CCEF34-A6AA-46F0-A379-D4F8F4E96110}
	EndGlobalSection
EndGlobal
